PODS:
  - lottie-ios (3.3.0)
  - PokemonAPI (6.0.2)

DEPENDENCIES:
  - lottie-ios
  - PokemonAPI

SPEC REPOS:
  trunk:
    - lottie-ios
    - PokemonAPI

SPEC CHECKSUMS:
  lottie-ios: 6ac74dcc09904798f59b18cb3075c089d76be9ae
  PokemonAPI: bff9656c1825288e7f028b415ce6276122ad4c6a

PODFILE CHECKSUM: f3240c9c081bf16785f00933648e67d75234f22a

COCOAPODS: 1.11.2
